
Microsoft Visual Studio Solution File, Format Version 12.00
# Visual Studio Version 17
VisualStudioVersion = 17.1.32319.34
MinimumVisualStudioVersion = 10.0.40219.1
Project("{9A19103F-16F7-4668-BE54-9A1E7A4F7556}") = "Figures", "Figures.csproj", "{5EB67AB1-0ECD-4977-9490-3755FB7749F3}"
EndProject
Project("{9A19103F-16F7-4668-BE54-9A1E7A4F7556}") = "FiguresTest", "..\CircleTest\FiguresTest.csproj", "{3366D0C3-2B34-49AF-AAF6-CA2E3CDC81BB}"
EndProject
Global
	GlobalSection(SolutionConfigurationPlatforms) = preSolution
		Debug|Any CPU = Debug|Any CPU
		Release|Any CPU = Release|Any CPU
	EndGlobalSection
	GlobalSection(ProjectConfigurationPlatforms) = postSolution
		{5EB67AB1-0ECD-4977-9490-3755FB7749F3}.Debug|Any CPU.ActiveCfg = Debug|Any CPU
		{5EB67AB1-0ECD-4977-9490-3755FB7749F3}.Debug|Any CPU.Build.0 = Debug|Any CPU
		{5EB67AB1-0ECD-4977-9490-3755FB7749F3}.Release|Any CPU.ActiveCfg = Release|Any CPU
		{5EB67AB1-0ECD-4977-9490-3755FB7749F3}.Release|Any CPU.Build.0 = Release|Any CPU
		{3366D0C3-2B34-49AF-AAF6-CA2E3CDC81BB}.Debug|Any CPU.ActiveCfg = Debug|Any CPU
		{3366D0C3-2B34-49AF-AAF6-CA2E3CDC81BB}.Debug|Any CPU.Build.0 = Debug|Any CPU
		{3366D0C3-2B34-49AF-AAF6-CA2E3CDC81BB}.Release|Any CPU.ActiveCfg = Release|Any CPU
		{3366D0C3-2B34-49AF-AAF6-CA2E3CDC81BB}.Release|Any CPU.Build.0 = Release|Any CPU
	EndGlobalSection
	GlobalSection(SolutionProperties) = preSolution
		HideSolutionNode = FALSE
	EndGlobalSection
	GlobalSection(ExtensibilityGlobals) = postSolution
		SolutionGuid = {E09C7EF8-B598-40E0-8510-433EFCCB3FC0}
	EndGlobalSection
EndGlobal
