
Microsoft Visual Studio Solution File, Format Version 12.00
# Visual Studio Version 17
VisualStudioVersion = 17.1.32319.34
MinimumVisualStudioVersion = 10.0.40219.1
Project("{9A19103F-16F7-4668-BE54-9A1E7A4F7556}") = "figures", "figures.csproj", "{5EB67AB1-0ECD-4977-9490-3755FB7749F3}"
EndProject
Project("{FAE04EC0-301F-11D3-BF4B-00C04F79EFBC}") = "SquareTest", "..\SquareTest\SquareTest.csproj", "{6A80C529-77EA-44F8-BA0E-CD5EB981F53C}"
EndProject
Project("{FAE04EC0-301F-11D3-BF4B-00C04F79EFBC}") = "CircleTest", "..\CircleTest\CircleTest.csproj", "{3366D0C3-2B34-49AF-AAF6-CA2E3CDC81BB}"
EndProject
Project("{FAE04EC0-301F-11D3-BF4B-00C04F79EFBC}") = "TriangleTest", "..\TriangleTest\TriangleTest.csproj", "{60F59843-44AC-4B3B-BEB8-BE68B58D8F98}"
EndProject
Global
	GlobalSection(SolutionConfigurationPlatforms) = preSolution
		Debug|Any CPU = Debug|Any CPU
		Release|Any CPU = Release|Any CPU
	EndGlobalSection
	GlobalSection(ProjectConfigurationPlatforms) = postSolution
		{5EB67AB1-0ECD-4977-9490-3755FB7749F3}.Debug|Any CPU.ActiveCfg = Debug|Any CPU
		{5EB67AB1-0ECD-4977-9490-3755FB7749F3}.Debug|Any CPU.Build.0 = Debug|Any CPU
		{5EB67AB1-0ECD-4977-9490-3755FB7749F3}.Release|Any CPU.ActiveCfg = Release|Any CPU
		{5EB67AB1-0ECD-4977-9490-3755FB7749F3}.Release|Any CPU.Build.0 = Release|Any CPU
		{6A80C529-77EA-44F8-BA0E-CD5EB981F53C}.Debug|Any CPU.ActiveCfg = Debug|Any CPU
		{6A80C529-77EA-44F8-BA0E-CD5EB981F53C}.Debug|Any CPU.Build.0 = Debug|Any CPU
		{6A80C529-77EA-44F8-BA0E-CD5EB981F53C}.Release|Any CPU.ActiveCfg = Release|Any CPU
		{6A80C529-77EA-44F8-BA0E-CD5EB981F53C}.Release|Any CPU.Build.0 = Release|Any CPU
		{3366D0C3-2B34-49AF-AAF6-CA2E3CDC81BB}.Debug|Any CPU.ActiveCfg = Debug|Any CPU
		{3366D0C3-2B34-49AF-AAF6-CA2E3CDC81BB}.Debug|Any CPU.Build.0 = Debug|Any CPU
		{3366D0C3-2B34-49AF-AAF6-CA2E3CDC81BB}.Release|Any CPU.ActiveCfg = Release|Any CPU
		{3366D0C3-2B34-49AF-AAF6-CA2E3CDC81BB}.Release|Any CPU.Build.0 = Release|Any CPU
		{60F59843-44AC-4B3B-BEB8-BE68B58D8F98}.Debug|Any CPU.ActiveCfg = Debug|Any CPU
		{60F59843-44AC-4B3B-BEB8-BE68B58D8F98}.Debug|Any CPU.Build.0 = Debug|Any CPU
		{60F59843-44AC-4B3B-BEB8-BE68B58D8F98}.Release|Any CPU.ActiveCfg = Release|Any CPU
		{60F59843-44AC-4B3B-BEB8-BE68B58D8F98}.Release|Any CPU.Build.0 = Release|Any CPU
	EndGlobalSection
	GlobalSection(SolutionProperties) = preSolution
		HideSolutionNode = FALSE
	EndGlobalSection
	GlobalSection(ExtensibilityGlobals) = postSolution
		SolutionGuid = {E09C7EF8-B598-40E0-8510-433EFCCB3FC0}
	EndGlobalSection
EndGlobal
